
Microsoft Visual Studio Solution File, Format Version 12.00
# Visual Studio Version 16
VisualStudioVersion = 16.0.29025.244
MinimumVisualStudioVersion = 10.0.40219.1
Project("{FAE04EC0-301F-11D3-BF4B-00C04F79EFBC}") = "API_SIGNINAPP", "API_SIGNINAPP\API_SIGNINAPP.csproj", "{ABA51173-A09B-4F96-9273-010572A81543}"
EndProject
Global
	GlobalSection(SolutionConfigurationPlatforms) = preSolution
		Debug|Any CPU = Debug|Any CPU
		Release|Any CPU = Release|Any CPU
	EndGlobalSection
	GlobalSection(ProjectConfigurationPlatforms) = postSolution
		{ABA51173-A09B-4F96-9273-010572A81543}.Debug|Any CPU.ActiveCfg = Debug|Any CPU
		{ABA51173-A09B-4F96-9273-010572A81543}.Debug|Any CPU.Build.0 = Debug|Any CPU
		{ABA51173-A09B-4F96-9273-010572A81543}.Release|Any CPU.ActiveCfg = Release|Any CPU
		{ABA51173-A09B-4F96-9273-010572A81543}.Release|Any CPU.Build.0 = Release|Any CPU
	EndGlobalSection
	GlobalSection(SolutionProperties) = preSolution
		HideSolutionNode = FALSE
	EndGlobalSection
	GlobalSection(ExtensibilityGlobals) = postSolution
		SolutionGuid = {BD270E87-1269-4055-BB72-E454FECD60D6}
	EndGlobalSection
EndGlobal
